
Microsoft Visual Studio Solution File, Format Version 12.00
# Visual Studio 15
VisualStudioVersion = 15.0.26730.12
MinimumVisualStudioVersion = 10.0.40219.1
Project("{D954291E-2A0B-460D-934E-DC6B0785DB48}") = "HelloXamarinUK", "HelloXamarinUK\HelloXamarinUK\HelloXamarinUK.shproj", "{6A0E7C3C-2FA0-4FCB-ACAF-5A60A947EF00}"
EndProject
Project("{FAE04EC0-301F-11D3-BF4B-00C04F79EFBC}") = "HelloXamarinUK.Android", "HelloXamarinUK\HelloXamarinUK.Android\HelloXamarinUK.Android.csproj", "{A1422AC4-317B-4443-AF5F-AA3B4A608F3E}"
EndProject
Project("{FAE04EC0-301F-11D3-BF4B-00C04F79EFBC}") = "HelloXamarinUK.iOS", "HelloXamarinUK\HelloXamarinUK.iOS\HelloXamarinUK.iOS.csproj", "{586B35A3-A12A-45CF-A06E-3A5BD48F396F}"
EndProject
Project("{FAE04EC0-301F-11D3-BF4B-00C04F79EFBC}") = "HelloXamarinUK.UWP", "HelloXamarinUK\HelloXamarinUK.UWP\HelloXamarinUK.UWP.csproj", "{F7D7465A-2BE9-46FC-9155-D1F70B9680CB}"
EndProject
Global
	GlobalSection(SharedMSBuildProjectFiles) = preSolution
		HelloXamarinUK\HelloXamarinUK\HelloXamarinUK.projitems*{586b35a3-a12a-45cf-a06e-3a5bd48f396f}*SharedItemsImports = 4
		HelloXamarinUK\HelloXamarinUK\HelloXamarinUK.projitems*{6a0e7c3c-2fa0-4fcb-acaf-5a60a947ef00}*SharedItemsImports = 13
		HelloXamarinUK\HelloXamarinUK\HelloXamarinUK.projitems*{a1422ac4-317b-4443-af5f-aa3b4a608f3e}*SharedItemsImports = 4
	EndGlobalSection
	GlobalSection(SolutionConfigurationPlatforms) = preSolution
		Ad-Hoc|Any CPU = Ad-Hoc|Any CPU
		Ad-Hoc|ARM = Ad-Hoc|ARM
		Ad-Hoc|iPhone = Ad-Hoc|iPhone
		Ad-Hoc|iPhoneSimulator = Ad-Hoc|iPhoneSimulator
		Ad-Hoc|x64 = Ad-Hoc|x64
		Ad-Hoc|x86 = Ad-Hoc|x86
		AppStore|Any CPU = AppStore|Any CPU
		AppStore|ARM = AppStore|ARM
		AppStore|iPhone = AppStore|iPhone
		AppStore|iPhoneSimulator = AppStore|iPhoneSimulator
		AppStore|x64 = AppStore|x64
		AppStore|x86 = AppStore|x86
		Debug|Any CPU = Debug|Any CPU
		Debug|ARM = Debug|ARM
		Debug|iPhone = Debug|iPhone
		Debug|iPhoneSimulator = Debug|iPhoneSimulator
		Debug|x64 = Debug|x64
		Debug|x86 = Debug|x86
		Release|Any CPU = Release|Any CPU
		Release|ARM = Release|ARM
		Release|iPhone = Release|iPhone
		Release|iPhoneSimulator = Release|iPhoneSimulator
		Release|x64 = Release|x64
		Release|x86 = Release|x86
	EndGlobalSection
	GlobalSection(ProjectConfigurationPlatforms) = postSolution
		{A1422AC4-317B-4443-AF5F-AA3B4A608F3E}.Ad-Hoc|Any CPU.ActiveCfg = Release|Any CPU
		{A1422AC4-317B-4443-AF5F-AA3B4A608F3E}.Ad-Hoc|Any CPU.Build.0 = Release|Any CPU
		{A1422AC4-317B-4443-AF5F-AA3B4A608F3E}.Ad-Hoc|Any CPU.Deploy.0 = Release|Any CPU
		{A1422AC4-317B-4443-AF5F-AA3B4A608F3E}.Ad-Hoc|ARM.ActiveCfg = Release|Any CPU
		{A1422AC4-317B-4443-AF5F-AA3B4A608F3E}.Ad-Hoc|ARM.Build.0 = Release|Any CPU
		{A1422AC4-317B-4443-AF5F-AA3B4A608F3E}.Ad-Hoc|ARM.Deploy.0 = Release|Any CPU
		{A1422AC4-317B-4443-AF5F-AA3B4A608F3E}.Ad-Hoc|iPhone.ActiveCfg = Release|Any CPU
		{A1422AC4-317B-4443-AF5F-AA3B4A608F3E}.Ad-Hoc|iPhone.Build.0 = Release|Any CPU
		{A1422AC4-317B-4443-AF5F-AA3B4A608F3E}.Ad-Hoc|iPhone.Deploy.0 = Release|Any CPU
		{A1422AC4-317B-4443-AF5F-AA3B4A608F3E}.Ad-Hoc|iPhoneSimulator.ActiveCfg = Release|Any CPU
		{A1422AC4-317B-4443-AF5F-AA3B4A608F3E}.Ad-Hoc|iPhoneSimulator.Build.0 = Release|Any CPU
		{A1422AC4-317B-4443-AF5F-AA3B4A608F3E}.Ad-Hoc|iPhoneSimulator.Deploy.0 = Release|Any CPU
		{A1422AC4-317B-4443-AF5F-AA3B4A608F3E}.Ad-Hoc|x64.ActiveCfg = Release|Any CPU
		{A1422AC4-317B-4443-AF5F-AA3B4A608F3E}.Ad-Hoc|x64.Build.0 = Release|Any CPU
		{A1422AC4-317B-4443-AF5F-AA3B4A608F3E}.Ad-Hoc|x64.Deploy.0 = Release|Any CPU
		{A1422AC4-317B-4443-AF5F-AA3B4A608F3E}.Ad-Hoc|x86.ActiveCfg = Release|Any CPU
		{A1422AC4-317B-4443-AF5F-AA3B4A608F3E}.Ad-Hoc|x86.Build.0 = Release|Any CPU
		{A1422AC4-317B-4443-AF5F-AA3B4A608F3E}.Ad-Hoc|x86.Deploy.0 = Release|Any CPU
		{A1422AC4-317B-4443-AF5F-AA3B4A608F3E}.AppStore|Any CPU.ActiveCfg = Release|Any CPU
		{A1422AC4-317B-4443-AF5F-AA3B4A608F3E}.AppStore|Any CPU.Build.0 = Release|Any CPU
		{A1422AC4-317B-4443-AF5F-AA3B4A608F3E}.AppStore|Any CPU.Deploy.0 = Release|Any CPU
		{A1422AC4-317B-4443-AF5F-AA3B4A608F3E}.AppStore|ARM.ActiveCfg = Release|Any CPU
		{A1422AC4-317B-4443-AF5F-AA3B4A608F3E}.AppStore|ARM.Build.0 = Release|Any CPU
		{A1422AC4-317B-4443-AF5F-AA3B4A608F3E}.AppStore|ARM.Deploy.0 = Release|Any CPU
		{A1422AC4-317B-4443-AF5F-AA3B4A608F3E}.AppStore|iPhone.ActiveCfg = Release|Any CPU
		{A1422AC4-317B-4443-AF5F-AA3B4A608F3E}.AppStore|iPhone.Build.0 = Release|Any CPU
		{A1422AC4-317B-4443-AF5F-AA3B4A608F3E}.AppStore|iPhone.Deploy.0 = Release|Any CPU
		{A1422AC4-317B-4443-AF5F-AA3B4A608F3E}.AppStore|iPhoneSimulator.ActiveCfg = Release|Any CPU
		{A1422AC4-317B-4443-AF5F-AA3B4A608F3E}.AppStore|iPhoneSimulator.Build.0 = Release|Any CPU
		{A1422AC4-317B-4443-AF5F-AA3B4A608F3E}.AppStore|iPhoneSimulator.Deploy.0 = Release|Any CPU
		{A1422AC4-317B-4443-AF5F-AA3B4A608F3E}.AppStore|x64.ActiveCfg = Release|Any CPU
		{A1422AC4-317B-4443-AF5F-AA3B4A608F3E}.AppStore|x64.Build.0 = Release|Any CPU
		{A1422AC4-317B-4443-AF5F-AA3B4A608F3E}.AppStore|x64.Deploy.0 = Release|Any CPU
		{A1422AC4-317B-4443-AF5F-AA3B4A608F3E}.AppStore|x86.ActiveCfg = Release|Any CPU
		{A1422AC4-317B-4443-AF5F-AA3B4A608F3E}.AppStore|x86.Build.0 = Release|Any CPU
		{A1422AC4-317B-4443-AF5F-AA3B4A608F3E}.AppStore|x86.Deploy.0 = Release|Any CPU
		{A1422AC4-317B-4443-AF5F-AA3B4A608F3E}.Debug|Any CPU.ActiveCfg = Debug|Any CPU
		{A1422AC4-317B-4443-AF5F-AA3B4A608F3E}.Debug|Any CPU.Build.0 = Debug|Any CPU
		{A1422AC4-317B-4443-AF5F-AA3B4A608F3E}.Debug|Any CPU.Deploy.0 = Debug|Any CPU
		{A1422AC4-317B-4443-AF5F-AA3B4A608F3E}.Debug|ARM.ActiveCfg = Debug|Any CPU
		{A1422AC4-317B-4443-AF5F-AA3B4A608F3E}.Debug|ARM.Build.0 = Debug|Any CPU
		{A1422AC4-317B-4443-AF5F-AA3B4A608F3E}.Debug|ARM.Deploy.0 = Debug|Any CPU
		{A1422AC4-317B-4443-AF5F-AA3B4A608F3E}.Debug|iPhone.ActiveCfg = Debug|Any CPU
		{A1422AC4-317B-4443-AF5F-AA3B4A608F3E}.Debug|iPhone.Build.0 = Debug|Any CPU
		{A1422AC4-317B-4443-AF5F-AA3B4A608F3E}.Debug|iPhone.Deploy.0 = Debug|Any CPU
		{A1422AC4-317B-4443-AF5F-AA3B4A608F3E}.Debug|iPhoneSimulator.ActiveCfg = Debug|Any CPU
		{A1422AC4-317B-4443-AF5F-AA3B4A608F3E}.Debug|iPhoneSimulator.Build.0 = Debug|Any CPU
		{A1422AC4-317B-4443-AF5F-AA3B4A608F3E}.Debug|iPhoneSimulator.Deploy.0 = Debug|Any CPU
		{A1422AC4-317B-4443-AF5F-AA3B4A608F3E}.Debug|x64.ActiveCfg = Debug|Any CPU
		{A1422AC4-317B-4443-AF5F-AA3B4A608F3E}.Debug|x64.Build.0 = Debug|Any CPU
		{A1422AC4-317B-4443-AF5F-AA3B4A608F3E}.Debug|x64.Deploy.0 = Debug|Any CPU
		{A1422AC4-317B-4443-AF5F-AA3B4A608F3E}.Debug|x86.ActiveCfg = Debug|Any CPU
		{A1422AC4-317B-4443-AF5F-AA3B4A608F3E}.Debug|x86.Build.0 = Debug|Any CPU
		{A1422AC4-317B-4443-AF5F-AA3B4A608F3E}.Debug|x86.Deploy.0 = Debug|Any CPU
		{A1422AC4-317B-4443-AF5F-AA3B4A608F3E}.Release|Any CPU.ActiveCfg = Release|Any CPU
		{A1422AC4-317B-4443-AF5F-AA3B4A608F3E}.Release|Any CPU.Build.0 = Release|Any CPU
		{A1422AC4-317B-4443-AF5F-AA3B4A608F3E}.Release|Any CPU.Deploy.0 = Release|Any CPU
		{A1422AC4-317B-4443-AF5F-AA3B4A608F3E}.Release|ARM.ActiveCfg = Release|Any CPU
		{A1422AC4-317B-4443-AF5F-AA3B4A608F3E}.Release|ARM.Build.0 = Release|Any CPU
		{A1422AC4-317B-4443-AF5F-AA3B4A608F3E}.Release|ARM.Deploy.0 = Release|Any CPU
		{A1422AC4-317B-4443-AF5F-AA3B4A608F3E}.Release|iPhone.ActiveCfg = Release|Any CPU
		{A1422AC4-317B-4443-AF5F-AA3B4A608F3E}.Release|iPhone.Build.0 = Release|Any CPU
		{A1422AC4-317B-4443-AF5F-AA3B4A608F3E}.Release|iPhone.Deploy.0 = Release|Any CPU
		{A1422AC4-317B-4443-AF5F-AA3B4A608F3E}.Release|iPhoneSimulator.ActiveCfg = Release|Any CPU
		{A1422AC4-317B-4443-AF5F-AA3B4A608F3E}.Release|iPhoneSimulator.Build.0 = Release|Any CPU
		{A1422AC4-317B-4443-AF5F-AA3B4A608F3E}.Release|iPhoneSimulator.Deploy.0 = Release|Any CPU
		{A1422AC4-317B-4443-AF5F-AA3B4A608F3E}.Release|x64.ActiveCfg = Release|Any CPU
		{A1422AC4-317B-4443-AF5F-AA3B4A608F3E}.Release|x64.Build.0 = Release|Any CPU
		{A1422AC4-317B-4443-AF5F-AA3B4A608F3E}.Release|x64.Deploy.0 = Release|Any CPU
		{A1422AC4-317B-4443-AF5F-AA3B4A608F3E}.Release|x86.ActiveCfg = Release|Any CPU
		{A1422AC4-317B-4443-AF5F-AA3B4A608F3E}.Release|x86.Build.0 = Release|Any CPU
		{A1422AC4-317B-4443-AF5F-AA3B4A608F3E}.Release|x86.Deploy.0 = Release|Any CPU
		{586B35A3-A12A-45CF-A06E-3A5BD48F396F}.Ad-Hoc|Any CPU.ActiveCfg = Ad-Hoc|iPhone
		{586B35A3-A12A-45CF-A06E-3A5BD48F396F}.Ad-Hoc|ARM.ActiveCfg = Ad-Hoc|iPhone
		{586B35A3-A12A-45CF-A06E-3A5BD48F396F}.Ad-Hoc|iPhone.ActiveCfg = Ad-Hoc|iPhone
		{586B35A3-A12A-45CF-A06E-3A5BD48F396F}.Ad-Hoc|iPhone.Build.0 = Ad-Hoc|iPhone
		{586B35A3-A12A-45CF-A06E-3A5BD48F396F}.Ad-Hoc|iPhoneSimulator.ActiveCfg = Ad-Hoc|iPhoneSimulator
		{586B35A3-A12A-45CF-A06E-3A5BD48F396F}.Ad-Hoc|iPhoneSimulator.Build.0 = Ad-Hoc|iPhoneSimulator
		{586B35A3-A12A-45CF-A06E-3A5BD48F396F}.Ad-Hoc|x64.ActiveCfg = Ad-Hoc|iPhone
		{586B35A3-A12A-45CF-A06E-3A5BD48F396F}.Ad-Hoc|x86.ActiveCfg = Ad-Hoc|iPhone
		{586B35A3-A12A-45CF-A06E-3A5BD48F396F}.AppStore|Any CPU.ActiveCfg = AppStore|iPhone
		{586B35A3-A12A-45CF-A06E-3A5BD48F396F}.AppStore|ARM.ActiveCfg = AppStore|iPhone
		{586B35A3-A12A-45CF-A06E-3A5BD48F396F}.AppStore|iPhone.ActiveCfg = AppStore|iPhone
		{586B35A3-A12A-45CF-A06E-3A5BD48F396F}.AppStore|iPhone.Build.0 = AppStore|iPhone
		{586B35A3-A12A-45CF-A06E-3A5BD48F396F}.AppStore|iPhoneSimulator.ActiveCfg = AppStore|iPhoneSimulator
		{586B35A3-A12A-45CF-A06E-3A5BD48F396F}.AppStore|iPhoneSimulator.Build.0 = AppStore|iPhoneSimulator
		{586B35A3-A12A-45CF-A06E-3A5BD48F396F}.AppStore|x64.ActiveCfg = AppStore|iPhone
		{586B35A3-A12A-45CF-A06E-3A5BD48F396F}.AppStore|x86.ActiveCfg = AppStore|iPhone
		{586B35A3-A12A-45CF-A06E-3A5BD48F396F}.Debug|Any CPU.ActiveCfg = Debug|iPhone
		{586B35A3-A12A-45CF-A06E-3A5BD48F396F}.Debug|ARM.ActiveCfg = Debug|iPhone
		{586B35A3-A12A-45CF-A06E-3A5BD48F396F}.Debug|iPhone.ActiveCfg = Debug|iPhone
		{586B35A3-A12A-45CF-A06E-3A5BD48F396F}.Debug|iPhone.Build.0 = Debug|iPhone
		{586B35A3-A12A-45CF-A06E-3A5BD48F396F}.Debug|iPhoneSimulator.ActiveCfg = Debug|iPhoneSimulator
		{586B35A3-A12A-45CF-A06E-3A5BD48F396F}.Debug|iPhoneSimulator.Build.0 = Debug|iPhoneSimulator
		{586B35A3-A12A-45CF-A06E-3A5BD48F396F}.Debug|x64.ActiveCfg = Debug|iPhone
		{586B35A3-A12A-45CF-A06E-3A5BD48F396F}.Debug|x86.ActiveCfg = Debug|iPhone
		{586B35A3-A12A-45CF-A06E-3A5BD48F396F}.Release|Any CPU.ActiveCfg = Release|iPhone
		{586B35A3-A12A-45CF-A06E-3A5BD48F396F}.Release|ARM.ActiveCfg = Release|iPhone
		{586B35A3-A12A-45CF-A06E-3A5BD48F396F}.Release|iPhone.ActiveCfg = Release|iPhone
		{586B35A3-A12A-45CF-A06E-3A5BD48F396F}.Release|iPhone.Build.0 = Release|iPhone
		{586B35A3-A12A-45CF-A06E-3A5BD48F396F}.Release|iPhoneSimulator.ActiveCfg = Release|iPhoneSimulator
		{586B35A3-A12A-45CF-A06E-3A5BD48F396F}.Release|iPhoneSimulator.Build.0 = Release|iPhoneSimulator
		{586B35A3-A12A-45CF-A06E-3A5BD48F396F}.Release|x64.ActiveCfg = Release|iPhone
		{586B35A3-A12A-45CF-A06E-3A5BD48F396F}.Release|x86.ActiveCfg = Release|iPhone
		{F7D7465A-2BE9-46FC-9155-D1F70B9680CB}.Ad-Hoc|Any CPU.ActiveCfg = Release|x86
		{F7D7465A-2BE9-46FC-9155-D1F70B9680CB}.Ad-Hoc|Any CPU.Build.0 = Release|x86
		{F7D7465A-2BE9-46FC-9155-D1F70B9680CB}.Ad-Hoc|Any CPU.Deploy.0 = Release|x86
		{F7D7465A-2BE9-46FC-9155-D1F70B9680CB}.Ad-Hoc|ARM.ActiveCfg = Release|ARM
		{F7D7465A-2BE9-46FC-9155-D1F70B9680CB}.Ad-Hoc|ARM.Build.0 = Release|ARM
		{F7D7465A-2BE9-46FC-9155-D1F70B9680CB}.Ad-Hoc|ARM.Deploy.0 = Release|ARM
		{F7D7465A-2BE9-46FC-9155-D1F70B9680CB}.Ad-Hoc|iPhone.ActiveCfg = Release|x86
		{F7D7465A-2BE9-46FC-9155-D1F70B9680CB}.Ad-Hoc|iPhone.Build.0 = Release|x86
		{F7D7465A-2BE9-46FC-9155-D1F70B9680CB}.Ad-Hoc|iPhone.Deploy.0 = Release|x86
		{F7D7465A-2BE9-46FC-9155-D1F70B9680CB}.Ad-Hoc|iPhoneSimulator.ActiveCfg = Release|x86
		{F7D7465A-2BE9-46FC-9155-D1F70B9680CB}.Ad-Hoc|iPhoneSimulator.Build.0 = Release|x86
		{F7D7465A-2BE9-46FC-9155-D1F70B9680CB}.Ad-Hoc|iPhoneSimulator.Deploy.0 = Release|x86
		{F7D7465A-2BE9-46FC-9155-D1F70B9680CB}.Ad-Hoc|x64.ActiveCfg = Release|x64
		{F7D7465A-2BE9-46FC-9155-D1F70B9680CB}.Ad-Hoc|x64.Build.0 = Release|x64
		{F7D7465A-2BE9-46FC-9155-D1F70B9680CB}.Ad-Hoc|x64.Deploy.0 = Release|x64
		{F7D7465A-2BE9-46FC-9155-D1F70B9680CB}.Ad-Hoc|x86.ActiveCfg = Release|x86
		{F7D7465A-2BE9-46FC-9155-D1F70B9680CB}.Ad-Hoc|x86.Build.0 = Release|x86
		{F7D7465A-2BE9-46FC-9155-D1F70B9680CB}.Ad-Hoc|x86.Deploy.0 = Release|x86
		{F7D7465A-2BE9-46FC-9155-D1F70B9680CB}.AppStore|Any CPU.ActiveCfg = Release|x86
		{F7D7465A-2BE9-46FC-9155-D1F70B9680CB}.AppStore|Any CPU.Build.0 = Release|x86
		{F7D7465A-2BE9-46FC-9155-D1F70B9680CB}.AppStore|Any CPU.Deploy.0 = Release|x86
		{F7D7465A-2BE9-46FC-9155-D1F70B9680CB}.AppStore|ARM.ActiveCfg = Release|ARM
		{F7D7465A-2BE9-46FC-9155-D1F70B9680CB}.AppStore|ARM.Build.0 = Release|ARM
		{F7D7465A-2BE9-46FC-9155-D1F70B9680CB}.AppStore|ARM.Deploy.0 = Release|ARM
		{F7D7465A-2BE9-46FC-9155-D1F70B9680CB}.AppStore|iPhone.ActiveCfg = Release|x86
		{F7D7465A-2BE9-46FC-9155-D1F70B9680CB}.AppStore|iPhone.Build.0 = Release|x86
		{F7D7465A-2BE9-46FC-9155-D1F70B9680CB}.AppStore|iPhone.Deploy.0 = Release|x86
		{F7D7465A-2BE9-46FC-9155-D1F70B9680CB}.AppStore|iPhoneSimulator.ActiveCfg = Release|x86
		{F7D7465A-2BE9-46FC-9155-D1F70B9680CB}.AppStore|iPhoneSimulator.Build.0 = Release|x86
		{F7D7465A-2BE9-46FC-9155-D1F70B9680CB}.AppStore|iPhoneSimulator.Deploy.0 = Release|x86
		{F7D7465A-2BE9-46FC-9155-D1F70B9680CB}.AppStore|x64.ActiveCfg = Release|x64
		{F7D7465A-2BE9-46FC-9155-D1F70B9680CB}.AppStore|x64.Build.0 = Release|x64
		{F7D7465A-2BE9-46FC-9155-D1F70B9680CB}.AppStore|x64.Deploy.0 = Release|x64
		{F7D7465A-2BE9-46FC-9155-D1F70B9680CB}.AppStore|x86.ActiveCfg = Release|x86
		{F7D7465A-2BE9-46FC-9155-D1F70B9680CB}.AppStore|x86.Build.0 = Release|x86
		{F7D7465A-2BE9-46FC-9155-D1F70B9680CB}.AppStore|x86.Deploy.0 = Release|x86
		{F7D7465A-2BE9-46FC-9155-D1F70B9680CB}.Debug|Any CPU.ActiveCfg = Debug|x86
		{F7D7465A-2BE9-46FC-9155-D1F70B9680CB}.Debug|ARM.ActiveCfg = Debug|ARM
		{F7D7465A-2BE9-46FC-9155-D1F70B9680CB}.Debug|ARM.Build.0 = Debug|ARM
		{F7D7465A-2BE9-46FC-9155-D1F70B9680CB}.Debug|ARM.Deploy.0 = Debug|ARM
		{F7D7465A-2BE9-46FC-9155-D1F70B9680CB}.Debug|iPhone.ActiveCfg = Debug|x86
		{F7D7465A-2BE9-46FC-9155-D1F70B9680CB}.Debug|iPhoneSimulator.ActiveCfg = Debug|x86
		{F7D7465A-2BE9-46FC-9155-D1F70B9680CB}.Debug|x64.ActiveCfg = Debug|x64
		{F7D7465A-2BE9-46FC-9155-D1F70B9680CB}.Debug|x64.Build.0 = Debug|x64
		{F7D7465A-2BE9-46FC-9155-D1F70B9680CB}.Debug|x64.Deploy.0 = Debug|x64
		{F7D7465A-2BE9-46FC-9155-D1F70B9680CB}.Debug|x86.ActiveCfg = Debug|x86
		{F7D7465A-2BE9-46FC-9155-D1F70B9680CB}.Debug|x86.Build.0 = Debug|x86
		{F7D7465A-2BE9-46FC-9155-D1F70B9680CB}.Debug|x86.Deploy.0 = Debug|x86
		{F7D7465A-2BE9-46FC-9155-D1F70B9680CB}.Release|Any CPU.ActiveCfg = Release|x86
		{F7D7465A-2BE9-46FC-9155-D1F70B9680CB}.Release|ARM.ActiveCfg = Release|ARM
		{F7D7465A-2BE9-46FC-9155-D1F70B9680CB}.Release|ARM.Build.0 = Release|ARM
		{F7D7465A-2BE9-46FC-9155-D1F70B9680CB}.Release|ARM.Deploy.0 = Release|ARM
		{F7D7465A-2BE9-46FC-9155-D1F70B9680CB}.Release|iPhone.ActiveCfg = Release|x86
		{F7D7465A-2BE9-46FC-9155-D1F70B9680CB}.Release|iPhoneSimulator.ActiveCfg = Release|x86
		{F7D7465A-2BE9-46FC-9155-D1F70B9680CB}.Release|x64.ActiveCfg = Release|x64
		{F7D7465A-2BE9-46FC-9155-D1F70B9680CB}.Release|x64.Build.0 = Release|x64
		{F7D7465A-2BE9-46FC-9155-D1F70B9680CB}.Release|x64.Deploy.0 = Release|x64
		{F7D7465A-2BE9-46FC-9155-D1F70B9680CB}.Release|x86.ActiveCfg = Release|x86
		{F7D7465A-2BE9-46FC-9155-D1F70B9680CB}.Release|x86.Build.0 = Release|x86
		{F7D7465A-2BE9-46FC-9155-D1F70B9680CB}.Release|x86.Deploy.0 = Release|x86
	EndGlobalSection
	GlobalSection(SolutionProperties) = preSolution
		HideSolutionNode = FALSE
	EndGlobalSection
	GlobalSection(ExtensibilityGlobals) = postSolution
		SolutionGuid = {B8EB501F-FB16-44B8-8A9E-C5EFD1C2A354}
	EndGlobalSection
EndGlobal
